
Microsoft Visual Studio Solution File, Format Version 12.00
# Visual Studio 14
VisualStudioVersion = 14.0.24720.0
MinimumVisualStudioVersion = 10.0.40219.1
Project("{FAE04EC0-301F-11D3-BF4B-00C04F79EFBC}") = "DiscountLibrary", "DiscountLibrary\DiscountLibrary.csproj", "{47C98D5D-2BA5-4D30-BB10-0EF4EB861089}"
EndProject
Project("{FAE04EC0-301F-11D3-BF4B-00C04F79EFBC}") = "MovieTicketForms", "MovieTicketForms\MovieTicketForms.csproj", "{B2654C7A-35C5-4EF8-84CD-5DF22D644024}"
EndProject
Global
	GlobalSection(SolutionConfigurationPlatforms) = preSolution
		Debug|Any CPU = Debug|Any CPU
		Release|Any CPU = Release|Any CPU
	EndGlobalSection
	GlobalSection(ProjectConfigurationPlatforms) = postSolution
		{47C98D5D-2BA5-4D30-BB10-0EF4EB861089}.Debug|Any CPU.ActiveCfg = Debug|Any CPU
		{47C98D5D-2BA5-4D30-BB10-0EF4EB861089}.Debug|Any CPU.Build.0 = Debug|Any CPU
		{47C98D5D-2BA5-4D30-BB10-0EF4EB861089}.Release|Any CPU.ActiveCfg = Release|Any CPU
		{47C98D5D-2BA5-4D30-BB10-0EF4EB861089}.Release|Any CPU.Build.0 = Release|Any CPU
		{B2654C7A-35C5-4EF8-84CD-5DF22D644024}.Debug|Any CPU.ActiveCfg = Debug|Any CPU
		{B2654C7A-35C5-4EF8-84CD-5DF22D644024}.Debug|Any CPU.Build.0 = Debug|Any CPU
		{B2654C7A-35C5-4EF8-84CD-5DF22D644024}.Release|Any CPU.ActiveCfg = Release|Any CPU
		{B2654C7A-35C5-4EF8-84CD-5DF22D644024}.Release|Any CPU.Build.0 = Release|Any CPU
	EndGlobalSection
	GlobalSection(SolutionProperties) = preSolution
		HideSolutionNode = FALSE
	EndGlobalSection
EndGlobal
